
Microsoft Visual Studio Solution File, Format Version 12.00
# Visual Studio Version 17
VisualStudioVersion = 17.3.32901.215
MinimumVisualStudioVersion = 10.0.40219.1
Project("{FAE04EC0-301F-11D3-BF4B-00C04F79EFBC}") = "P3_1_1214056", "P3_1_1214056\P3_1_1214056.csproj", "{ACB11C02-4F9D-479B-A130-123F032106EE}"
EndProject
Global
	GlobalSection(SolutionConfigurationPlatforms) = preSolution
		Debug|Any CPU = Debug|Any CPU
		Release|Any CPU = Release|Any CPU
	EndGlobalSection
	GlobalSection(ProjectConfigurationPlatforms) = postSolution
		{ACB11C02-4F9D-479B-A130-123F032106EE}.Debug|Any CPU.ActiveCfg = Debug|Any CPU
		{ACB11C02-4F9D-479B-A130-123F032106EE}.Debug|Any CPU.Build.0 = Debug|Any CPU
		{ACB11C02-4F9D-479B-A130-123F032106EE}.Release|Any CPU.ActiveCfg = Release|Any CPU
		{ACB11C02-4F9D-479B-A130-123F032106EE}.Release|Any CPU.Build.0 = Release|Any CPU
	EndGlobalSection
	GlobalSection(SolutionProperties) = preSolution
		HideSolutionNode = FALSE
	EndGlobalSection
	GlobalSection(ExtensibilityGlobals) = postSolution
		SolutionGuid = {DCA38D8D-0E93-4E4D-A58F-F0D0F25290B0}
	EndGlobalSection
EndGlobal
